// !$*UTF8*$!
{
	archiveVersion = 1;
	classes = {
	};
	objectVersion = 77;
	objects = {

/* Begin PBXBuildFile section */
		2CB1EF88F327E18568131D28 /* LumaCore in Frameworks */ = {isa = PBXBuildFile; productRef = 8096018EF366F1DB6C1F93E8 /* LumaCore */; };
		3A4186E1CA6EC4CFF85CF3C8 /* GlassesLink.swift in Sources */ = {isa = PBXBuildFile; fileRef = 6F187E706039D7B1634B4148 /* GlassesLink.swift */; };
		5AEB89B0B8B5C9E9D013DE77 /* ContentView.swift in Sources */ = {isa = PBXBuildFile; fileRef = DD47439185FF00F16FB10342 /* ContentView.swift */; };
		9024C381668257B61DE3021E /* LumaDemoApp.swift in Sources */ = {isa = PBXBuildFile; fileRef = 7F7721C520E0C061C1F8EFCF /* LumaDemoApp.swift */; };
/* End PBXBuildFile section */

/* Begin PBXFileReference section */
		6F187E706039D7B1634B4148 /* GlassesLink.swift */ = {isa = PBXFileReference; lastKnownFileType = sourcecode.swift; path = GlassesLink.swift; sourceTree = "<group>"; };
		7F7721C520E0C061C1F8EFCF /* LumaDemoApp.swift */ = {isa = PBXFileReference; lastKnownFileType = sourcecode.swift; path = LumaDemoApp.swift; sourceTree = "<group>"; };
		AE4F840C1929BCDF818AA4C4 /* LumaCore */ = {isa = PBXFileReference; lastKnownFileType = folder; name = LumaCore; path = LumaCore; sourceTree = SOURCE_ROOT; };
		D32EBF4371206868A49D0082 /* Info.plist */ = {isa = PBXFileReference; lastKnownFileType = text.plist; path = Info.plist; sourceTree = "<group>"; };
		D377D90EC1A12263D0ACFA3A /* LumaDemo.app */ = {isa = PBXFileReference; includeInIndex = 0; lastKnownFileType = wrapper.application; path = LumaDemo.app; sourceTree = BUILT_PRODUCTS_DIR; };
		DD47439185FF00F16FB10342 /* ContentView.swift */ = {isa = PBXFileReference; lastKnownFileType = sourcecode.swift; path = ContentView.swift; sourceTree = "<group>"; };
/* End PBXFileReference section */

/* Begin PBXFrameworksBuildPhase section */
		872CDF02BC9ACEF5B54479AC /* Frameworks */ = {
			isa = PBXFrameworksBuildPhase;
			buildActionMask = 2147483647;
			files = (
				2CB1EF88F327E18568131D28 /* LumaCore in Frameworks */,
			);
			runOnlyForDeploymentPostprocessing = 0;
		};
/* End PBXFrameworksBuildPhase section */

/* Begin PBXGroup section */
		8896634AF1F0DA2F2946757A /* Packages */ = {
			isa = PBXGroup;
			children = (
				AE4F840C1929BCDF818AA4C4 /* LumaCore */,
			);
			name = Packages;
			sourceTree = "<group>";
		};
		AB19ACE8FA451505A416860D /* LumaDemo */ = {
			isa = PBXGroup;
			children = (
				DD47439185FF00F16FB10342 /* ContentView.swift */,
				6F187E706039D7B1634B4148 /* GlassesLink.swift */,
				D32EBF4371206868A49D0082 /* Info.plist */,
				7F7721C520E0C061C1F8EFCF /* LumaDemoApp.swift */,
			);
			path = LumaDemo;
			sourceTree = "<group>";
		};
		BAADF24D82D8B391D82234FF /* Products */ = {
			isa = PBXGroup;
			children = (
				D377D90EC1A12263D0ACFA3A /* LumaDemo.app */,
			);
			name = Products;
			sourceTree = "<group>";
		};
		FAFBE849A0419564E355D6D5 = {
			isa = PBXGroup;
			children = (
				AB19ACE8FA451505A416860D /* LumaDemo */,
				8896634AF1F0DA2F2946757A /* Packages */,
				BAADF24D82D8B391D82234FF /* Products */,
			);
			sourceTree = "<group>";
		};
/* End PBXGroup section */

/* Begin PBXNativeTarget section */
		E81415CB9DF314E61F2203FC /* LumaDemo */ = {
			isa = PBXNativeTarget;
			buildConfigurationList = 3EF65241AB3EA231944C5A61 /* Build configuration list for PBXNativeTarget "LumaDemo" */;
			buildPhases = (
				52005B25C7FABFA60A91A71B /* Sources */,
				872CDF02BC9ACEF5B54479AC /* Frameworks */,
			);
			buildRules = (
			);
			dependencies = (
			);
			name = LumaDemo;
			packageProductDependencies = (
				8096018EF366F1DB6C1F93E8 /* LumaCore */,
			);
			productName = LumaDemo;
			productReference = D377D90EC1A12263D0ACFA3A /* LumaDemo.app */;
			productType = "com.apple.product-type.application";
		};
/* End PBXNativeTarget section */

/* Begin PBXProject section */
		82B96354E5243AACB99CB7EA /* Project object */ = {
			isa = PBXProject;
			attributes = {
				BuildIndependentTargetsInParallel = YES;
				LastUpgradeCheck = 1430;
				TargetAttributes = {
					E81415CB9DF314E61F2203FC = {
						ProvisioningStyle = Automatic;
					};
				};
			};
			buildConfigurationList = AC1AE846573B75377CF030D9 /* Build configuration list for PBXProject "LumaDemo" */;
			developmentRegion = en;
			hasScannedForEncodings = 0;
			knownRegions = (
				Base,
				en,
			);
			mainGroup = FAFBE849A0419564E355D6D5;
			minimizedProjectReferenceProxies = 1;
			packageReferences = (
				7B92F3D78C163456D00A8DCD /* XCLocalSwiftPackageReference "LumaCore" */,
			);
			preferredProjectObjectVersion = 77;
			productRefGroup = BAADF24D82D8B391D82234FF /* Products */;
			projectDirPath = "";
			projectRoot = "";
			targets = (
				E81415CB9DF314E61F2203FC /* LumaDemo */,
			);
		};
/* End PBXProject section */

/* Begin PBXSourcesBuildPhase section */
		52005B25C7FABFA60A91A71B /* Sources */ = {
			isa = PBXSourcesBuildPhase;
			buildActionMask = 2147483647;
			files = (
				5AEB89B0B8B5C9E9D013DE77 /* ContentView.swift in Sources */,
				3A4186E1CA6EC4CFF85CF3C8 /* GlassesLink.swift in Sources */,
				9024C381668257B61DE3021E /* LumaDemoApp.swift in Sources */,
			);
			runOnlyForDeploymentPostprocessing = 0;
		};
/* End PBXSourcesBuildPhase section */

/* Begin XCBuildConfiguration section */
		2C8C912E06518005E18EE118 /* Release */ = {
			isa = XCBuildConfiguration;
			buildSettings = {
				ALWAYS_EMBED_SWIFT_STANDARD_LIBRARIES = YES;
				ASSETCATALOG_COMPILER_APPICON_NAME = AppIcon;
				CODE_SIGN_IDENTITY = "iPhone Developer";
				GENERATE_INFOPLIST_FILE = NO;
				INFOPLIST_FILE = LumaDemo/Info.plist;
				LD_RUNPATH_SEARCH_PATHS = (
					"$(inherited)",
					"@executable_path/Frameworks",
				);
				PRODUCT_BUNDLE_IDENTIFIER = luma.core.demo;
				PRODUCT_NAME = LumaDemo;
				SDKROOT = iphoneos;
				SUPPORTED_PLATFORMS = "iphoneos iphonesimulator";
				SUPPORTS_MACCATALYST = NO;
				TARGETED_DEVICE_FAMILY = 1;
			};
			name = Release;
		};
		8C4E80D29223D600CBB12463 /* Debug */ = {
			isa = XCBuildConfiguration;
			buildSettings = {
				ALWAYS_EMBED_SWIFT_STANDARD_LIBRARIES = YES;
				ASSETCATALOG_COMPILER_APPICON_NAME = AppIcon;
				CODE_SIGN_IDENTITY = "iPhone Developer";
				GENERATE_INFOPLIST_FILE = NO;
				INFOPLIST_FILE = LumaDemo/Info.plist;
				LD_RUNPATH_SEARCH_PATHS = (
					"$(inherited)",
					"@executable_path/Frameworks",
				);
				PRODUCT_BUNDLE_IDENTIFIER = luma.core.demo;
				PRODUCT_NAME = LumaDemo;
				SDKROOT = iphoneos;
				SUPPORTED_PLATFORMS = "iphoneos iphonesimulator";
				SUPPORTS_MACCATALYST = NO;
				TARGETED_DEVICE_FAMILY = 1;
			};
			name = Debug;
		};
		8C9AFB4CDEF1E082D59BC9F0 /* Debug */ = {
			isa = XCBuildConfiguration;
			buildSettings = {
				ALWAYS_SEARCH_USER_PATHS = NO;
				CLANG_ANALYZER_NONNULL = YES;
				CLANG_ANALYZER_NUMBER_OBJECT_CONVERSION = YES_AGGRESSIVE;
				CLANG_CXX_LANGUAGE_STANDARD = "gnu++14";
				CLANG_CXX_LIBRARY = "libc++";
				CLANG_ENABLE_MODULES = YES;
				CLANG_ENABLE_OBJC_ARC = YES;
				CLANG_ENABLE_OBJC_WEAK = YES;
				CLANG_WARN_BLOCK_CAPTURE_AUTORELEASING = YES;
				CLANG_WARN_BOOL_CONVERSION = YES;
				CLANG_WARN_COMMA = YES;
				CLANG_WARN_CONSTANT_CONVERSION = YES;
				CLANG_WARN_DEPRECATED_OBJC_IMPLEMENTATIONS = YES;
				CLANG_WARN_DIRECT_OBJC_ISA_USAGE = YES_ERROR;
				CLANG_WARN_DOCUMENTATION_COMMENTS = YES;
				CLANG_WARN_EMPTY_BODY = YES;
				CLANG_WARN_ENUM_CONVERSION = YES;
				CLANG_WARN_INFINITE_RECURSION = YES;
				CLANG_WARN_INT_CONVERSION = YES;
				CLANG_WARN_NON_LITERAL_NULL_CONVERSION = YES;
				CLANG_WARN_OBJC_IMPLICIT_RETAIN_SELF = YES;
				CLANG_WARN_OBJC_LITERAL_CONVERSION = YES;
				CLANG_WARN_OBJC_ROOT_CLASS = YES_ERROR;
				CLANG_WARN_QUOTED_INCLUDE_IN_FRAMEWORK_HEADER = YES;
				CLANG_WARN_RANGE_LOOP_ANALYSIS = YES;
				CLANG_WARN_STRICT_PROTOTYPES = YES;
				CLANG_WARN_SUSPICIOUS_MOVE = YES;
				CLANG_WARN_UNGUARDED_AVAILABILITY = YES_AGGRESSIVE;
				CLANG_WARN_UNREACHABLE_CODE = YES;
				CLANG_WARN__DUPLICATE_METHOD_MATCH = YES;
				CODE_SIGN_STYLE = Automatic;
				COPY_PHASE_STRIP = NO;
				CURRENT_PROJECT_VERSION = 1;
				DEBUG_INFORMATION_FORMAT = dwarf;
				ENABLE_STRICT_OBJC_MSGSEND = YES;
				ENABLE_TESTABILITY = YES;
				"EXCLUDED_ARCHS[sdk=iphonesimulator*]" = x86_64;
				GCC_C_LANGUAGE_STANDARD = gnu11;
				GCC_DYNAMIC_NO_PIC = NO;
				GCC_NO_COMMON_BLOCKS = YES;
				GCC_OPTIMIZATION_LEVEL = 0;
				GCC_PREPROCESSOR_DEFINITIONS = (
					"$(inherited)",
					"DEBUG=1",
				);
				GCC_WARN_64_TO_32_BIT_CONVERSION = YES;
				GCC_WARN_ABOUT_RETURN_TYPE = YES_ERROR;
				GCC_WARN_UNDECLARED_SELECTOR = YES;
				GCC_WARN_UNINITIALIZED_AUTOS = YES_AGGRESSIVE;
				GCC_WARN_UNUSED_FUNCTION = YES;
				GCC_WARN_UNUSED_VARIABLE = YES;
				IPHONEOS_DEPLOYMENT_TARGET = 17.0;
				"LIBRARY_SEARCH_PATHS[sdk=iphoneos*]" = "$(SRCROOT)/lib/ios-arm64";
				"LIBRARY_SEARCH_PATHS[sdk=iphonesimulator*]" = "$(SRCROOT)/lib/ios-arm64-sim";
				MARKETING_VERSION = 1.0;
				MTL_ENABLE_DEBUG_INFO = INCLUDE_SOURCE;
				MTL_FAST_MATH = YES;
				ONLY_ACTIVE_ARCH = YES;
				OTHER_LDFLAGS = "-lluma_core";
				PRODUCT_NAME = "$(TARGET_NAME)";
				SDKROOT = iphoneos;
				SWIFT_ACTIVE_COMPILATION_CONDITIONS = DEBUG;
				SWIFT_OPTIMIZATION_LEVEL = "-Onone";
				SWIFT_VERSION = 5.9;
			};
			name = Debug;
		};
		C7200D93897419A8C1973796 /* Release */ = {
			isa = XCBuildConfiguration;
			buildSettings = {
				ALWAYS_SEARCH_USER_PATHS = NO;
				CLANG_ANALYZER_NONNULL = YES;
				CLANG_ANALYZER_NUMBER_OBJECT_CONVERSION = YES_AGGRESSIVE;
				CLANG_CXX_LANGUAGE_STANDARD = "gnu++14";
				CLANG_CXX_LIBRARY = "libc++";
				CLANG_ENABLE_MODULES = YES;
				CLANG_ENABLE_OBJC_ARC = YES;
				CLANG_ENABLE_OBJC_WEAK = YES;
				CLANG_WARN_BLOCK_CAPTURE_AUTORELEASING = YES;
				CLANG_WARN_BOOL_CONVERSION = YES;
				CLANG_WARN_COMMA = YES;
				CLANG_WARN_CONSTANT_CONVERSION = YES;
				CLANG_WARN_DEPRECATED_OBJC_IMPLEMENTATIONS = YES;
				CLANG_WARN_DIRECT_OBJC_ISA_USAGE = YES_ERROR;
				CLANG_WARN_DOCUMENTATION_COMMENTS = YES;
				CLANG_WARN_EMPTY_BODY = YES;
				CLANG_WARN_ENUM_CONVERSION = YES;
				CLANG_WARN_INFINITE_RECURSION = YES;
				CLANG_WARN_INT_CONVERSION = YES;
				CLANG_WARN_NON_LITERAL_NULL_CONVERSION = YES;
				CLANG_WARN_OBJC_IMPLICIT_RETAIN_SELF = YES;
				CLANG_WARN_OBJC_LITERAL_CONVERSION = YES;
				CLANG_WARN_OBJC_ROOT_CLASS = YES_ERROR;
				CLANG_WARN_QUOTED_INCLUDE_IN_FRAMEWORK_HEADER = YES;
				CLANG_WARN_RANGE_LOOP_ANALYSIS = YES;
				CLANG_WARN_STRICT_PROTOTYPES = YES;
				CLANG_WARN_SUSPICIOUS_MOVE = YES;
				CLANG_WARN_UNGUARDED_AVAILABILITY = YES_AGGRESSIVE;
				CLANG_WARN_UNREACHABLE_CODE = YES;
				CLANG_WARN__DUPLICATE_METHOD_MATCH = YES;
				CODE_SIGN_STYLE = Automatic;
				COPY_PHASE_STRIP = NO;
				CURRENT_PROJECT_VERSION = 1;
				DEBUG_INFORMATION_FORMAT = "dwarf-with-dsym";
				ENABLE_NS_ASSERTIONS = NO;
				ENABLE_STRICT_OBJC_MSGSEND = YES;
				"EXCLUDED_ARCHS[sdk=iphonesimulator*]" = x86_64;
				GCC_C_LANGUAGE_STANDARD = gnu11;
				GCC_NO_COMMON_BLOCKS = YES;
				GCC_WARN_64_TO_32_BIT_CONVERSION = YES;
				GCC_WARN_ABOUT_RETURN_TYPE = YES_ERROR;
				GCC_WARN_UNDECLARED_SELECTOR = YES;
				GCC_WARN_UNINITIALIZED_AUTOS = YES_AGGRESSIVE;
				GCC_WARN_UNUSED_FUNCTION = YES;
				GCC_WARN_UNUSED_VARIABLE = YES;
				IPHONEOS_DEPLOYMENT_TARGET = 17.0;
				"LIBRARY_SEARCH_PATHS[sdk=iphoneos*]" = "$(SRCROOT)/lib/ios-arm64";
				"LIBRARY_SEARCH_PATHS[sdk=iphonesimulator*]" = "$(SRCROOT)/lib/ios-arm64-sim";
				MARKETING_VERSION = 1.0;
				MTL_ENABLE_DEBUG_INFO = NO;
				MTL_FAST_MATH = YES;
				OTHER_LDFLAGS = "-lluma_core";
				PRODUCT_NAME = "$(TARGET_NAME)";
				SDKROOT = iphoneos;
				SWIFT_COMPILATION_MODE = wholemodule;
				SWIFT_OPTIMIZATION_LEVEL = "-O";
				SWIFT_VERSION = 5.9;
			};
			name = Release;
		};
/* End XCBuildConfiguration section */

/* Begin XCConfigurationList section */
		3EF65241AB3EA231944C5A61 /* Build configuration list for PBXNativeTarget "LumaDemo" */ = {
			isa = XCConfigurationList;
			buildConfigurations = (
				8C4E80D29223D600CBB12463 /* Debug */,
				2C8C912E06518005E18EE118 /* Release */,
			);
			defaultConfigurationIsVisible = 0;
			defaultConfigurationName = Debug;
		};
		AC1AE846573B75377CF030D9 /* Build configuration list for PBXProject "LumaDemo" */ = {
			isa = XCConfigurationList;
			buildConfigurations = (
				8C9AFB4CDEF1E082D59BC9F0 /* Debug */,
				C7200D93897419A8C1973796 /* Release */,
			);
			defaultConfigurationIsVisible = 0;
			defaultConfigurationName = Debug;
		};
/* End XCConfigurationList section */

/* Begin XCLocalSwiftPackageReference section */
		7B92F3D78C163456D00A8DCD /* XCLocalSwiftPackageReference "LumaCore" */ = {
			isa = XCLocalSwiftPackageReference;
			relativePath = LumaCore;
		};
/* End XCLocalSwiftPackageReference section */

/* Begin XCSwiftPackageProductDependency section */
		8096018EF366F1DB6C1F93E8 /* LumaCore */ = {
			isa = XCSwiftPackageProductDependency;
			productName = LumaCore;
		};
/* End XCSwiftPackageProductDependency section */
	};
	rootObject = 82B96354E5243AACB99CB7EA /* Project object */;
}
